
Microsoft Visual Studio Solution File, Format Version 12.00
# Visual Studio Version 17
VisualStudioVersion = 17.12.35707.178
MinimumVisualStudioVersion = 10.0.40219.1
Project("{FAE04EC0-301F-11D3-BF4B-00C04F79EFBC}") = "ST10357369 PART 2 PROG POE", "ST10357369 PART 2 PROG POE.csproj", "{BFDA0E76-053F-440B-9214-87C48A398A2D}"
EndProject
Global
	GlobalSection(SolutionConfigurationPlatforms) = preSolution
		Debug|Any CPU = Debug|Any CPU
		Release|Any CPU = Release|Any CPU
	EndGlobalSection
	GlobalSection(ProjectConfigurationPlatforms) = postSolution
		{BFDA0E76-053F-440B-9214-87C48A398A2D}.Debug|Any CPU.ActiveCfg = Debug|Any CPU
		{BFDA0E76-053F-440B-9214-87C48A398A2D}.Debug|Any CPU.Build.0 = Debug|Any CPU
		{BFDA0E76-053F-440B-9214-87C48A398A2D}.Release|Any CPU.ActiveCfg = Release|Any CPU
		{BFDA0E76-053F-440B-9214-87C48A398A2D}.Release|Any CPU.Build.0 = Release|Any CPU
	EndGlobalSection
	GlobalSection(SolutionProperties) = preSolution
		HideSolutionNode = FALSE
	EndGlobalSection
EndGlobal
